
Microsoft Visual Studio Solution File, Format Version 12.00
# Visual Studio Version 17
VisualStudioVersion = 17.14.36429.23
MinimumVisualStudioVersion = 10.0.40219.1
Project("{2150E333-8FDC-42A3-9474-1A3956D46DE8}") = "Modules", "Modules", "{77C040F2-2E48-4F4D-A464-1AB957EC9B6A}"
EndProject
Project("{2150E333-8FDC-42A3-9474-1A3956D46DE8}") = "Shared", "Shared", "{C1D9B358-9CB0-41CC-8B0E-22EBE3D7B6F2}"
EndProject
Project("{2150E333-8FDC-42A3-9474-1A3956D46DE8}") = "Bootstrapper", "Bootstrapper", "{02EA681E-C7D8-13C7-8484-4AC65E1B71E8}"
EndProject
Project("{FAE04EC0-301F-11D3-BF4B-00C04F79EFBC}") = "Api", "Boostrapper\Api\Api.csproj", "{EBEC90DA-9A08-4D8E-9B6A-96529BFEE43D}"
EndProject
Project("{2150E333-8FDC-42A3-9474-1A3956D46DE8}") = "Catalog", "Catalog", "{59FCFE53-C56D-4195-B4EE-14AA7321D206}"
EndProject
Project("{2150E333-8FDC-42A3-9474-1A3956D46DE8}") = "Basket", "Basket", "{AF0B388C-69B4-44F3-8AE1-7EC916D7B17D}"
EndProject
Project("{2150E333-8FDC-42A3-9474-1A3956D46DE8}") = "Ordering", "Ordering", "{42A3AECC-9C51-4356-B69B-57AD525F5291}"
EndProject
Project("{FAE04EC0-301F-11D3-BF4B-00C04F79EFBC}") = "Catalog", "Modules\Catalog\Catalog\Catalog.csproj", "{99E40386-FB6E-40AB-A9CD-4330DDCA5F51}"
EndProject
Project("{FAE04EC0-301F-11D3-BF4B-00C04F79EFBC}") = "Basket", "Modules\Basket\Basket\Basket.csproj", "{BD33AF06-8C41-4D6A-891D-3985A44CD7F1}"
EndProject
Project("{FAE04EC0-301F-11D3-BF4B-00C04F79EFBC}") = "Ordering", "Modules\Ordering\Ordering\Ordering.csproj", "{B9BE4FBD-184A-4EF6-A178-33DAD04C2B7E}"
EndProject
Project("{FAE04EC0-301F-11D3-BF4B-00C04F79EFBC}") = "Shared", "Shared\Shared\Shared.csproj", "{6BBD9643-D7D4-43D0-A24B-2C316231C4C0}"
EndProject
Project("{E53339B2-1760-4266-BCC7-CA923CBCF16C}") = "docker-compose", "docker-compose.dcproj", "{81DDED9D-158B-E303-5F62-77A2896D2A5A}"
EndProject
Global
	GlobalSection(SolutionConfigurationPlatforms) = preSolution
		Debug|Any CPU = Debug|Any CPU
		Release|Any CPU = Release|Any CPU
	EndGlobalSection
	GlobalSection(ProjectConfigurationPlatforms) = postSolution
		{EBEC90DA-9A08-4D8E-9B6A-96529BFEE43D}.Debug|Any CPU.ActiveCfg = Debug|Any CPU
		{EBEC90DA-9A08-4D8E-9B6A-96529BFEE43D}.Debug|Any CPU.Build.0 = Debug|Any CPU
		{EBEC90DA-9A08-4D8E-9B6A-96529BFEE43D}.Release|Any CPU.ActiveCfg = Release|Any CPU
		{EBEC90DA-9A08-4D8E-9B6A-96529BFEE43D}.Release|Any CPU.Build.0 = Release|Any CPU
		{99E40386-FB6E-40AB-A9CD-4330DDCA5F51}.Debug|Any CPU.ActiveCfg = Debug|Any CPU
		{99E40386-FB6E-40AB-A9CD-4330DDCA5F51}.Debug|Any CPU.Build.0 = Debug|Any CPU
		{99E40386-FB6E-40AB-A9CD-4330DDCA5F51}.Release|Any CPU.ActiveCfg = Release|Any CPU
		{99E40386-FB6E-40AB-A9CD-4330DDCA5F51}.Release|Any CPU.Build.0 = Release|Any CPU
		{BD33AF06-8C41-4D6A-891D-3985A44CD7F1}.Debug|Any CPU.ActiveCfg = Debug|Any CPU
		{BD33AF06-8C41-4D6A-891D-3985A44CD7F1}.Debug|Any CPU.Build.0 = Debug|Any CPU
		{BD33AF06-8C41-4D6A-891D-3985A44CD7F1}.Release|Any CPU.ActiveCfg = Release|Any CPU
		{BD33AF06-8C41-4D6A-891D-3985A44CD7F1}.Release|Any CPU.Build.0 = Release|Any CPU
		{B9BE4FBD-184A-4EF6-A178-33DAD04C2B7E}.Debug|Any CPU.ActiveCfg = Debug|Any CPU
		{B9BE4FBD-184A-4EF6-A178-33DAD04C2B7E}.Debug|Any CPU.Build.0 = Debug|Any CPU
		{B9BE4FBD-184A-4EF6-A178-33DAD04C2B7E}.Release|Any CPU.ActiveCfg = Release|Any CPU
		{B9BE4FBD-184A-4EF6-A178-33DAD04C2B7E}.Release|Any CPU.Build.0 = Release|Any CPU
		{6BBD9643-D7D4-43D0-A24B-2C316231C4C0}.Debug|Any CPU.ActiveCfg = Debug|Any CPU
		{6BBD9643-D7D4-43D0-A24B-2C316231C4C0}.Debug|Any CPU.Build.0 = Debug|Any CPU
		{6BBD9643-D7D4-43D0-A24B-2C316231C4C0}.Release|Any CPU.ActiveCfg = Release|Any CPU
		{6BBD9643-D7D4-43D0-A24B-2C316231C4C0}.Release|Any CPU.Build.0 = Release|Any CPU
		{81DDED9D-158B-E303-5F62-77A2896D2A5A}.Debug|Any CPU.ActiveCfg = Debug|Any CPU
		{81DDED9D-158B-E303-5F62-77A2896D2A5A}.Debug|Any CPU.Build.0 = Debug|Any CPU
		{81DDED9D-158B-E303-5F62-77A2896D2A5A}.Release|Any CPU.ActiveCfg = Release|Any CPU
		{81DDED9D-158B-E303-5F62-77A2896D2A5A}.Release|Any CPU.Build.0 = Release|Any CPU
	EndGlobalSection
	GlobalSection(SolutionProperties) = preSolution
		HideSolutionNode = FALSE
	EndGlobalSection
	GlobalSection(NestedProjects) = preSolution
		{EBEC90DA-9A08-4D8E-9B6A-96529BFEE43D} = {02EA681E-C7D8-13C7-8484-4AC65E1B71E8}
		{59FCFE53-C56D-4195-B4EE-14AA7321D206} = {77C040F2-2E48-4F4D-A464-1AB957EC9B6A}
		{AF0B388C-69B4-44F3-8AE1-7EC916D7B17D} = {77C040F2-2E48-4F4D-A464-1AB957EC9B6A}
		{42A3AECC-9C51-4356-B69B-57AD525F5291} = {77C040F2-2E48-4F4D-A464-1AB957EC9B6A}
		{99E40386-FB6E-40AB-A9CD-4330DDCA5F51} = {59FCFE53-C56D-4195-B4EE-14AA7321D206}
		{BD33AF06-8C41-4D6A-891D-3985A44CD7F1} = {AF0B388C-69B4-44F3-8AE1-7EC916D7B17D}
		{B9BE4FBD-184A-4EF6-A178-33DAD04C2B7E} = {42A3AECC-9C51-4356-B69B-57AD525F5291}
		{6BBD9643-D7D4-43D0-A24B-2C316231C4C0} = {C1D9B358-9CB0-41CC-8B0E-22EBE3D7B6F2}
	EndGlobalSection
	GlobalSection(ExtensibilityGlobals) = postSolution
		SolutionGuid = {D1B71294-D4C7-44E7-B830-D463F4A5A2FB}
	EndGlobalSection
EndGlobal
